
Microsoft Visual Studio Solution File, Format Version 12.00
# Visual Studio Version 17
VisualStudioVersion = 17.8.34511.84
MinimumVisualStudioVersion = 10.0.40219.1
Project("{FAE04EC0-301F-11D3-BF4B-00C04F79EFBC}") = "Modules.KSyanpse", "Modules.KSyanpse\Modules.KSyanpse.csproj", "{1902C805-081B-4814-86B4-A2506DA0B5ED}"
EndProject
Project("{FAE04EC0-301F-11D3-BF4B-00C04F79EFBC}") = "Test", "Test\Test.csproj", "{ACA2C3FC-B18C-47FE-9339-CF7803B9B6BE}"
EndProject
Global
	GlobalSection(SolutionConfigurationPlatforms) = preSolution
		Debug|Any CPU = Debug|Any CPU
		Release|Any CPU = Release|Any CPU
	EndGlobalSection
	GlobalSection(ProjectConfigurationPlatforms) = postSolution
		{1902C805-081B-4814-86B4-A2506DA0B5ED}.Debug|Any CPU.ActiveCfg = Debug|Any CPU
		{1902C805-081B-4814-86B4-A2506DA0B5ED}.Debug|Any CPU.Build.0 = Debug|Any CPU
		{1902C805-081B-4814-86B4-A2506DA0B5ED}.Release|Any CPU.ActiveCfg = Release|Any CPU
		{1902C805-081B-4814-86B4-A2506DA0B5ED}.Release|Any CPU.Build.0 = Release|Any CPU
		{ACA2C3FC-B18C-47FE-9339-CF7803B9B6BE}.Debug|Any CPU.ActiveCfg = Debug|Any CPU
		{ACA2C3FC-B18C-47FE-9339-CF7803B9B6BE}.Debug|Any CPU.Build.0 = Debug|Any CPU
		{ACA2C3FC-B18C-47FE-9339-CF7803B9B6BE}.Release|Any CPU.ActiveCfg = Release|Any CPU
		{ACA2C3FC-B18C-47FE-9339-CF7803B9B6BE}.Release|Any CPU.Build.0 = Release|Any CPU
	EndGlobalSection
	GlobalSection(SolutionProperties) = preSolution
		HideSolutionNode = FALSE
	EndGlobalSection
	GlobalSection(ExtensibilityGlobals) = postSolution
		SolutionGuid = {AECE59CA-CF53-43BF-880F-1427A554FE73}
	EndGlobalSection
EndGlobal
